<?xml version="1.0" encoding="utf-8"?>
<Project ToolsVersion="4.0" xmlns="http://schemas.microsoft.com/developer/msbuild/2003">
  <ItemGroup>
    <Filter Include="Source Files">
      <UniqueIdentifier>{4FC737F1-C7A5-4376-A066-2A32D752A2FF}</UniqueIdentifier>
      <Extensions>cpp;c;cc;cxx;c++;cppm;ixx;def;odl;idl;hpj;bat;asm;asmx</Extensions>
    </Filter>
    <Filter Include="Header Files">
      <UniqueIdentifier>{93995380-89BD-4b04-88EB-625FBE52EBFB}</UniqueIdentifier>
      <Extensions>h;hh;hpp;hxx;h++;hm;inl;inc;ipp;xsd</Extensions>
    </Filter>
    <Filter Include="Resource Files">
      <UniqueIdentifier>{67DA6AB6-F800-4c08-8B7A-83BB121AAD01}</UniqueIdentifier>
      <Extensions>rc;ico;cur;bmp;dlg;rc2;rct;bin;rgs;gif;jpg;jpeg;jpe;resx;tiff;tif;png;wav;mfcribbon-ms</Extensions>
    </Filter>
  </ItemGroup>
  <ItemGroup>
    <ClCompile Include="dllmain.cpp">
      <Filter>Source Files</Filter>
    </ClCompile>
    <ClCompile Include="Lua\lapi.c">
      <Filter>Source Files</Filter>
    </ClCompile>
    <ClCompile Include="Lua\lauxlib.c">
      <Filter>Source Files</Filter>
    </ClCompile>
    <ClCompile Include="Lua\lbaselib.c">
      <Filter>Source Files</Filter>
    </ClCompile>
    <ClCompile Include="Lua\lcode.c">
      <Filter>Source Files</Filter>
    </ClCompile>
    <ClCompile Include="Lua\ldblib.c">
      <Filter>Source Files</Filter>
    </ClCompile>
    <ClCompile Include="Lua\ldebug.c">
      <Filter>Source Files</Filter>
    </ClCompile>
    <ClCompile Include="Lua\ldo.c">
      <Filter>Source Files</Filter>
    </ClCompile>
    <ClCompile Include="Lua\ldump.c">
      <Filter>Source Files</Filter>
    </ClCompile>
    <ClCompile Include="Lua\lfunc.c">
      <Filter>Source Files</Filter>
    </ClCompile>
    <ClCompile Include="Lua\lgc.c">
      <Filter>Source Files</Filter>
    </ClCompile>
    <ClCompile Include="Lua\linit.c">
      <Filter>Source Files</Filter>
    </ClCompile>
    <ClCompile Include="Lua\liolib.c">
      <Filter>Source Files</Filter>
    </ClCompile>
    <ClCompile Include="Lua\llex.c">
      <Filter>Source Files</Filter>
    </ClCompile>
    <ClCompile Include="Lua\lmathlib.c">
      <Filter>Source Files</Filter>
    </ClCompile>
    <ClCompile Include="Lua\lmem.c">
      <Filter>Source Files</Filter>
    </ClCompile>
    <ClCompile Include="Lua\loadlib.c">
      <Filter>Source Files</Filter>
    </ClCompile>
    <ClCompile Include="Lua\lobject.c">
      <Filter>Source Files</Filter>
    </ClCompile>
    <ClCompile Include="Lua\lopcodes.c">
      <Filter>Source Files</Filter>
    </ClCompile>
    <ClCompile Include="Lua\loslib.c">
      <Filter>Source Files</Filter>
    </ClCompile>
    <ClCompile Include="Lua\lparser.c">
      <Filter>Source Files</Filter>
    </ClCompile>
    <ClCompile Include="Lua\lstate.c">
      <Filter>Source Files</Filter>
    </ClCompile>
    <ClCompile Include="Lua\lstring.c">
      <Filter>Source Files</Filter>
    </ClCompile>
    <ClCompile Include="Lua\lstrlib.c">
      <Filter>Source Files</Filter>
    </ClCompile>
    <ClCompile Include="Lua\ltable.c">
      <Filter>Source Files</Filter>
    </ClCompile>
    <ClCompile Include="Lua\ltablib.c">
      <Filter>Source Files</Filter>
    </ClCompile>
    <ClCompile Include="Lua\ltm.c">
      <Filter>Source Files</Filter>
    </ClCompile>
    <ClCompile Include="Lua\lua.c">
      <Filter>Source Files</Filter>
    </ClCompile>
    <ClCompile Include="Lua\lundump.c">
      <Filter>Source Files</Filter>
    </ClCompile>
    <ClCompile Include="Lua\lvm.c">
      <Filter>Source Files</Filter>
    </ClCompile>
    <ClCompile Include="Lua\lzio.c">
      <Filter>Source Files</Filter>
    </ClCompile>
    <ClCompile Include="Executor\Executor.cpp">
      <Filter>Source Files</Filter>
    </ClCompile>
  </ItemGroup>
  <ItemGroup>
    <ClInclude Include="ida_sdk\allins.hpp">
      <Filter>Header Files</Filter>
    </ClInclude>
    <ClInclude Include="ida_sdk\allow_deprecated.hpp">
      <Filter>Header Files</Filter>
    </ClInclude>
    <ClInclude Include="ida_sdk\auto.hpp">
      <Filter>Header Files</Filter>
    </ClInclude>
    <ClInclude Include="ida_sdk\bitrange.hpp">
      <Filter>Header Files</Filter>
    </ClInclude>
    <ClInclude Include="ida_sdk\bytes.hpp">
      <Filter>Header Files</Filter>
    </ClInclude>
    <ClInclude Include="ida_sdk\compress.hpp">
      <Filter>Header Files</Filter>
    </ClInclude>
    <ClInclude Include="ida_sdk\config.hpp">
      <Filter>Header Files</Filter>
    </ClInclude>
    <ClInclude Include="ida_sdk\cvt64.hpp">
      <Filter>Header Files</Filter>
    </ClInclude>
    <ClInclude Include="ida_sdk\dbg.hpp">
      <Filter>Header Files</Filter>
    </ClInclude>
    <ClInclude Include="ida_sdk\demangle.hpp">
      <Filter>Header Files</Filter>
    </ClInclude>
    <ClInclude Include="ida_sdk\diff3.hpp">
      <Filter>Header Files</Filter>
    </ClInclude>
    <ClInclude Include="ida_sdk\dirtree.hpp">
      <Filter>Header Files</Filter>
    </ClInclude>
    <ClInclude Include="ida_sdk\diskio.hpp">
      <Filter>Header Files</Filter>
    </ClInclude>
    <ClInclude Include="ida_sdk\entry.hpp">
      <Filter>Header Files</Filter>
    </ClInclude>
    <ClInclude Include="ida_sdk\err.h">
      <Filter>Header Files</Filter>
    </ClInclude>
    <ClInclude Include="ida_sdk\exehdr.h">
      <Filter>Header Files</Filter>
    </ClInclude>
    <ClInclude Include="ida_sdk\expr.hpp">
      <Filter>Header Files</Filter>
    </ClInclude>
    <ClInclude Include="ida_sdk\fixup.hpp">
      <Filter>Header Files</Filter>
    </ClInclude>
    <ClInclude Include="ida_sdk\fpro.h">
      <Filter>Header Files</Filter>
    </ClInclude>
    <ClInclude Include="ida_sdk\frame.hpp">
      <Filter>Header Files</Filter>
    </ClInclude>
    <ClInclude Include="ida_sdk\funcs.hpp">
      <Filter>Header Files</Filter>
    </ClInclude>
    <ClInclude Include="ida_sdk\gdl.hpp">
      <Filter>Header Files</Filter>
    </ClInclude>
    <ClInclude Include="ida_sdk\graph.hpp">
      <Filter>Header Files</Filter>
    </ClInclude>
    <ClInclude Include="ida_sdk\help.h">
      <Filter>Header Files</Filter>
    </ClInclude>
    <ClInclude Include="ida_sdk\hexrays.hpp">
      <Filter>Header Files</Filter>
    </ClInclude>
    <ClInclude Include="ida_sdk\ida.hpp">
      <Filter>Header Files</Filter>
    </ClInclude>
    <ClInclude Include="ida_sdk\ida_highlighter.hpp">
      <Filter>Header Files</Filter>
    </ClInclude>
    <ClInclude Include="ida_sdk\idacfg.hpp">
      <Filter>Header Files</Filter>
    </ClInclude>
    <ClInclude Include="ida_sdk\idalib.hpp">
      <Filter>Header Files</Filter>
    </ClInclude>
    <ClInclude Include="ida_sdk\idd.hpp">
      <Filter>Header Files</Filter>
    </ClInclude>
    <ClInclude Include="ida_sdk\idp.hpp">
      <Filter>Header Files</Filter>
    </ClInclude>
    <ClInclude Include="ida_sdk\ieee.h">
      <Filter>Header Files</Filter>
    </ClInclude>
    <ClInclude Include="ida_sdk\intel.hpp">
      <Filter>Header Files</Filter>
    </ClInclude>
    <ClInclude Include="ida_sdk\jumptable.hpp">
      <Filter>Header Files</Filter>
    </ClInclude>
    <ClInclude Include="ida_sdk\kernwin.hpp">
      <Filter>Header Files</Filter>
    </ClInclude>
    <ClInclude Include="ida_sdk\lex.hpp">
      <Filter>Header Files</Filter>
    </ClInclude>
    <ClInclude Include="ida_sdk\libfuncs.hpp">
      <Filter>Header Files</Filter>
    </ClInclude>
    <ClInclude Include="ida_sdk\lines.hpp">
      <Filter>Header Files</Filter>
    </ClInclude>
    <ClInclude Include="ida_sdk\llong.hpp">
      <Filter>Header Files</Filter>
    </ClInclude>
    <ClInclude Include="ida_sdk\loader.hpp">
      <Filter>Header Files</Filter>
    </ClInclude>
    <ClInclude Include="ida_sdk\make_script_ns.hpp">
      <Filter>Header Files</Filter>
    </ClInclude>
    <ClInclude Include="ida_sdk\md5.h">
      <Filter>Header Files</Filter>
    </ClInclude>
    <ClInclude Include="ida_sdk\merge.hpp">
      <Filter>Header Files</Filter>
    </ClInclude>
    <ClInclude Include="ida_sdk\mergemod.hpp">
      <Filter>Header Files</Filter>
    </ClInclude>
    <ClInclude Include="ida_sdk\moves.hpp">
      <Filter>Header Files</Filter>
    </ClInclude>
    <ClInclude Include="ida_sdk\nalt.hpp">
      <Filter>Header Files</Filter>
    </ClInclude>
    <ClInclude Include="ida_sdk\name.hpp">
      <Filter>Header Files</Filter>
    </ClInclude>
    <ClInclude Include="ida_sdk\netnode.hpp">
      <Filter>Header Files</Filter>
    </ClInclude>
    <ClInclude Include="ida_sdk\network.hpp">
      <Filter>Header Files</Filter>
    </ClInclude>
    <ClInclude Include="ida_sdk\offset.hpp">
      <Filter>Header Files</Filter>
    </ClInclude>
    <ClInclude Include="ida_sdk\parsejson.hpp">
      <Filter>Header Files</Filter>
    </ClInclude>
    <ClInclude Include="ida_sdk\pro.h">
      <Filter>Header Files</Filter>
    </ClInclude>
    <ClInclude Include="ida_sdk\problems.hpp">
      <Filter>Header Files</Filter>
    </ClInclude>
    <ClInclude Include="ida_sdk\prodir.h">
      <Filter>Header Files</Filter>
    </ClInclude>
    <ClInclude Include="ida_sdk\pronet.h">
      <Filter>Header Files</Filter>
    </ClInclude>
    <ClInclude Include="ida_sdk\range.hpp">
      <Filter>Header Files</Filter>
    </ClInclude>
    <ClInclude Include="ida_sdk\regex.h">
      <Filter>Header Files</Filter>
    </ClInclude>
    <ClInclude Include="ida_sdk\regfinder.hpp">
      <Filter>Header Files</Filter>
    </ClInclude>
    <ClInclude Include="ida_sdk\registry.hpp">
      <Filter>Header Files</Filter>
    </ClInclude>
    <ClInclude Include="ida_sdk\search.hpp">
      <Filter>Header Files</Filter>
    </ClInclude>
    <ClInclude Include="ida_sdk\segment.hpp">
      <Filter>Header Files</Filter>
    </ClInclude>
    <ClInclude Include="ida_sdk\segregs.hpp">
      <Filter>Header Files</Filter>
    </ClInclude>
    <ClInclude Include="ida_sdk\srclang.hpp">
      <Filter>Header Files</Filter>
    </ClInclude>
    <ClInclude Include="ida_sdk\strlist.hpp">
      <Filter>Header Files</Filter>
    </ClInclude>
    <ClInclude Include="ida_sdk\tryblks.hpp">
      <Filter>Header Files</Filter>
    </ClInclude>
    <ClInclude Include="ida_sdk\typeinf.hpp">
      <Filter>Header Files</Filter>
    </ClInclude>
    <ClInclude Include="ida_sdk\ua.hpp">
      <Filter>Header Files</Filter>
    </ClInclude>
    <ClInclude Include="ida_sdk\undo.hpp">
      <Filter>Header Files</Filter>
    </ClInclude>
    <ClInclude Include="ida_sdk\workarounds.hpp">
      <Filter>Header Files</Filter>
    </ClInclude>
    <ClInclude Include="ida_sdk\xref.hpp">
      <Filter>Header Files</Filter>
    </ClInclude>
    <ClInclude Include="Lua\lapi.h">
      <Filter>Header Files</Filter>
    </ClInclude>
    <ClInclude Include="Lua\lauxlib.h">
      <Filter>Header Files</Filter>
    </ClInclude>
    <ClInclude Include="Lua\lcode.h">
      <Filter>Header Files</Filter>
    </ClInclude>
    <ClInclude Include="Lua\ldebug.h">
      <Filter>Header Files</Filter>
    </ClInclude>
    <ClInclude Include="Lua\ldo.h">
      <Filter>Header Files</Filter>
    </ClInclude>
    <ClInclude Include="Lua\lfunc.h">
      <Filter>Header Files</Filter>
    </ClInclude>
    <ClInclude Include="Lua\lgc.h">
      <Filter>Header Files</Filter>
    </ClInclude>
    <ClInclude Include="Lua\llex.h">
      <Filter>Header Files</Filter>
    </ClInclude>
    <ClInclude Include="Lua\llimits.h">
      <Filter>Header Files</Filter>
    </ClInclude>
    <ClInclude Include="Lua\lmem.h">
      <Filter>Header Files</Filter>
    </ClInclude>
    <ClInclude Include="Lua\lobject.h">
      <Filter>Header Files</Filter>
    </ClInclude>
    <ClInclude Include="Lua\lopcodes.h">
      <Filter>Header Files</Filter>
    </ClInclude>
    <ClInclude Include="Lua\lparser.h">
      <Filter>Header Files</Filter>
    </ClInclude>
    <ClInclude Include="Lua\lstate.h">
      <Filter>Header Files</Filter>
    </ClInclude>
    <ClInclude Include="Lua\lstring.h">
      <Filter>Header Files</Filter>
    </ClInclude>
    <ClInclude Include="Lua\ltable.h">
      <Filter>Header Files</Filter>
    </ClInclude>
    <ClInclude Include="Lua\ltm.h">
      <Filter>Header Files</Filter>
    </ClInclude>
    <ClInclude Include="Lua\lua.h">
      <Filter>Header Files</Filter>
    </ClInclude>
    <ClInclude Include="Lua\luaconf.h">
      <Filter>Header Files</Filter>
    </ClInclude>
    <ClInclude Include="Lua\lualib.h">
      <Filter>Header Files</Filter>
    </ClInclude>
    <ClInclude Include="Lua\lundump.h">
      <Filter>Header Files</Filter>
    </ClInclude>
    <ClInclude Include="Lua\lvm.h">
      <Filter>Header Files</Filter>
    </ClInclude>
    <ClInclude Include="Lua\lzio.h">
      <Filter>Header Files</Filter>
    </ClInclude>
    <ClInclude Include="Executor\Executor.h">
      <Filter>Header Files</Filter>
    </ClInclude>
    <ClInclude Include="Executor\Libraries\print.hpp">
      <Filter>Header Files</Filter>
    </ClInclude>
    <ClInclude Include="Executor\Libraries\hexrays.hpp">
      <Filter>Header Files</Filter>
    </ClInclude>
    <ClInclude Include="Executor\Libraries\functions.hpp">
      <Filter>Header Files</Filter>
    </ClInclude>
    <ClInclude Include="Executor\Libraries\xrefs.hpp">
      <Filter>Header Files</Filter>
    </ClInclude>
    <ClInclude Include="Executor\Libraries\strings.hpp">
      <Filter>Header Files</Filter>
    </ClInclude>
  </ItemGroup>
  <ItemGroup>
    <Library Include="ida_sdk\libs\ida.lib" />
    <Library Include="ida_sdk\libs\idalib.lib" />
    <Library Include="ida_sdk\libs\network.lib" />
  </ItemGroup>
</Project>